
Microsoft Visual Studio Solution File, Format Version 12.00
Project("{FAE04EC0-301F-11D3-BF4B-00C04F79EFBC}") = "FilesProcessing", "FilesProcessing\FilesProcessing.csproj", "{BB205F22-7424-4D3E-BB82-696B3B4D4B34}"
EndProject
Project("{2150E333-8FDC-42A3-9474-1A3956D46DE8}") = "src", "src", "{D7A03544-9444-4A6D-A696-A415A855938E}"
EndProject
Project("{2150E333-8FDC-42A3-9474-1A3956D46DE8}") = "test", "test", "{7F180F6F-E9BD-4A71-96F1-87FA4311AF0F}"
EndProject
Global
	GlobalSection(SolutionConfigurationPlatforms) = preSolution
		Debug|Any CPU = Debug|Any CPU
		Release|Any CPU = Release|Any CPU
	EndGlobalSection
	GlobalSection(ProjectConfigurationPlatforms) = postSolution
		{BB205F22-7424-4D3E-BB82-696B3B4D4B34}.Debug|Any CPU.ActiveCfg = Debug|Any CPU
		{BB205F22-7424-4D3E-BB82-696B3B4D4B34}.Debug|Any CPU.Build.0 = Debug|Any CPU
		{BB205F22-7424-4D3E-BB82-696B3B4D4B34}.Release|Any CPU.ActiveCfg = Release|Any CPU
		{BB205F22-7424-4D3E-BB82-696B3B4D4B34}.Release|Any CPU.Build.0 = Release|Any CPU
	EndGlobalSection
	GlobalSection(NestedProjects) = preSolution
		{BB205F22-7424-4D3E-BB82-696B3B4D4B34} = {D7A03544-9444-4A6D-A696-A415A855938E}
	EndGlobalSection
EndGlobal
